
Microsoft Visual Studio Solution File, Format Version 12.00
# Visual Studio Version 16
VisualStudioVersion = 16.0.28803.156
MinimumVisualStudioVersion = 10.0.40219.1
Project("{9A19103F-16F7-4668-BE54-9A1E7A4F7556}") = "BankDepositUI", "BankDepositUI\BankDepositUI.csproj", "{66027D56-8C60-4393-B7F1-C797427B15CA}"
EndProject
Project("{9A19103F-16F7-4668-BE54-9A1E7A4F7556}") = "BankDeposit.Data", "..\BankDeposit.Data\BankDeposit.Data.csproj", "{6DC08B9C-9649-454D-9809-38B704D91BA8}"
EndProject
Project("{9A19103F-16F7-4668-BE54-9A1E7A4F7556}") = "BankDeposit.Model", "..\BankDeposit.Model\BankDeposit.Model.csproj", "{C9274635-EAF9-4F06-8AA9-8185BD261ADF}"
EndProject
Project("{9A19103F-16F7-4668-BE54-9A1E7A4F7556}") = "BankDeposit.Service", "..\BankDeposit.Service\BankDeposit.Service.csproj", "{187F1AD1-2CBB-49AA-8EB0-D9CD580F9A17}"
EndProject
Global
	GlobalSection(SolutionConfigurationPlatforms) = preSolution
		Debug|Any CPU = Debug|Any CPU
		Release|Any CPU = Release|Any CPU
	EndGlobalSection
	GlobalSection(ProjectConfigurationPlatforms) = postSolution
		{66027D56-8C60-4393-B7F1-C797427B15CA}.Debug|Any CPU.ActiveCfg = Debug|Any CPU
		{66027D56-8C60-4393-B7F1-C797427B15CA}.Debug|Any CPU.Build.0 = Debug|Any CPU
		{66027D56-8C60-4393-B7F1-C797427B15CA}.Release|Any CPU.ActiveCfg = Release|Any CPU
		{66027D56-8C60-4393-B7F1-C797427B15CA}.Release|Any CPU.Build.0 = Release|Any CPU
		{6DC08B9C-9649-454D-9809-38B704D91BA8}.Debug|Any CPU.ActiveCfg = Debug|Any CPU
		{6DC08B9C-9649-454D-9809-38B704D91BA8}.Debug|Any CPU.Build.0 = Debug|Any CPU
		{6DC08B9C-9649-454D-9809-38B704D91BA8}.Release|Any CPU.ActiveCfg = Release|Any CPU
		{6DC08B9C-9649-454D-9809-38B704D91BA8}.Release|Any CPU.Build.0 = Release|Any CPU
		{C9274635-EAF9-4F06-8AA9-8185BD261ADF}.Debug|Any CPU.ActiveCfg = Debug|Any CPU
		{C9274635-EAF9-4F06-8AA9-8185BD261ADF}.Debug|Any CPU.Build.0 = Debug|Any CPU
		{C9274635-EAF9-4F06-8AA9-8185BD261ADF}.Release|Any CPU.ActiveCfg = Release|Any CPU
		{C9274635-EAF9-4F06-8AA9-8185BD261ADF}.Release|Any CPU.Build.0 = Release|Any CPU
		{187F1AD1-2CBB-49AA-8EB0-D9CD580F9A17}.Debug|Any CPU.ActiveCfg = Debug|Any CPU
		{187F1AD1-2CBB-49AA-8EB0-D9CD580F9A17}.Debug|Any CPU.Build.0 = Debug|Any CPU
		{187F1AD1-2CBB-49AA-8EB0-D9CD580F9A17}.Release|Any CPU.ActiveCfg = Release|Any CPU
		{187F1AD1-2CBB-49AA-8EB0-D9CD580F9A17}.Release|Any CPU.Build.0 = Release|Any CPU
	EndGlobalSection
	GlobalSection(SolutionProperties) = preSolution
		HideSolutionNode = FALSE
	EndGlobalSection
	GlobalSection(ExtensibilityGlobals) = postSolution
		SolutionGuid = {AD496FE7-94DC-4F59-8E12-1B3B0FF7D5F9}
	EndGlobalSection
EndGlobal
