
Microsoft Visual Studio Solution File, Format Version 12.00
# Visual Studio Version 16
VisualStudioVersion = 16.0.28803.156
MinimumVisualStudioVersion = 10.0.40219.1
Project("{FAE04EC0-301F-11D3-BF4B-00C04F79EFBC}") = "JMWeb04.UI", "JMWeb04.UI\JMWeb04.UI.csproj", "{906B02BD-67A6-45B6-AB4A-98B188E8523F}"
EndProject
Project("{FAE04EC0-301F-11D3-BF4B-00C04F79EFBC}") = "JMWeb04.Service", "JMWeb04.Service\JMWeb04.Service.csproj", "{EC2C787C-3187-4337-A979-171501F05C17}"
EndProject
Project("{FAE04EC0-301F-11D3-BF4B-00C04F79EFBC}") = "JMWeb04.Access", "JMWeb04.Access\JMWeb04.Access.csproj", "{CAF0893B-EEBE-43CA-AB82-D76CE0253D4B}"
EndProject
Project("{FAE04EC0-301F-11D3-BF4B-00C04F79EFBC}") = "JMWeb04.Model", "JMWeb04.Model\JMWeb04.Model.csproj", "{1A622145-3184-402D-998B-89E754773CEF}"
EndProject
Global
	GlobalSection(SolutionConfigurationPlatforms) = preSolution
		Debug|Any CPU = Debug|Any CPU
		Release|Any CPU = Release|Any CPU
	EndGlobalSection
	GlobalSection(ProjectConfigurationPlatforms) = postSolution
		{906B02BD-67A6-45B6-AB4A-98B188E8523F}.Debug|Any CPU.ActiveCfg = Debug|Any CPU
		{906B02BD-67A6-45B6-AB4A-98B188E8523F}.Debug|Any CPU.Build.0 = Debug|Any CPU
		{906B02BD-67A6-45B6-AB4A-98B188E8523F}.Release|Any CPU.ActiveCfg = Release|Any CPU
		{906B02BD-67A6-45B6-AB4A-98B188E8523F}.Release|Any CPU.Build.0 = Release|Any CPU
		{EC2C787C-3187-4337-A979-171501F05C17}.Debug|Any CPU.ActiveCfg = Debug|Any CPU
		{EC2C787C-3187-4337-A979-171501F05C17}.Debug|Any CPU.Build.0 = Debug|Any CPU
		{EC2C787C-3187-4337-A979-171501F05C17}.Release|Any CPU.ActiveCfg = Release|Any CPU
		{EC2C787C-3187-4337-A979-171501F05C17}.Release|Any CPU.Build.0 = Release|Any CPU
		{CAF0893B-EEBE-43CA-AB82-D76CE0253D4B}.Debug|Any CPU.ActiveCfg = Debug|Any CPU
		{CAF0893B-EEBE-43CA-AB82-D76CE0253D4B}.Debug|Any CPU.Build.0 = Debug|Any CPU
		{CAF0893B-EEBE-43CA-AB82-D76CE0253D4B}.Release|Any CPU.ActiveCfg = Release|Any CPU
		{CAF0893B-EEBE-43CA-AB82-D76CE0253D4B}.Release|Any CPU.Build.0 = Release|Any CPU
		{1A622145-3184-402D-998B-89E754773CEF}.Debug|Any CPU.ActiveCfg = Debug|Any CPU
		{1A622145-3184-402D-998B-89E754773CEF}.Debug|Any CPU.Build.0 = Debug|Any CPU
		{1A622145-3184-402D-998B-89E754773CEF}.Release|Any CPU.ActiveCfg = Release|Any CPU
		{1A622145-3184-402D-998B-89E754773CEF}.Release|Any CPU.Build.0 = Release|Any CPU
	EndGlobalSection
	GlobalSection(SolutionProperties) = preSolution
		HideSolutionNode = FALSE
	EndGlobalSection
	GlobalSection(ExtensibilityGlobals) = postSolution
		SolutionGuid = {C9248721-60A6-4242-A851-F345560ECB87}
	EndGlobalSection
EndGlobal
